
Microsoft Visual Studio Solution File, Format Version 12.00
# Visual Studio Version 17
VisualStudioVersion = 17.11.35312.102
MinimumVisualStudioVersion = 10.0.40219.1
Project("{FAE04EC0-301F-11D3-BF4B-00C04F79EFBC}") = "DEPLOY.CarApp.API", "DEPLOY.CarApp.API\DEPLOY.CarApp.API.csproj", "{C5870E95-6182-4B4D-90DF-AA3C87FB0A0F}"
EndProject
Global
	GlobalSection(SolutionConfigurationPlatforms) = preSolution
		Debug|Any CPU = Debug|Any CPU
		Release|Any CPU = Release|Any CPU
	EndGlobalSection
	GlobalSection(ProjectConfigurationPlatforms) = postSolution
		{C5870E95-6182-4B4D-90DF-AA3C87FB0A0F}.Debug|Any CPU.ActiveCfg = Debug|Any CPU
		{C5870E95-6182-4B4D-90DF-AA3C87FB0A0F}.Debug|Any CPU.Build.0 = Debug|Any CPU
		{C5870E95-6182-4B4D-90DF-AA3C87FB0A0F}.Release|Any CPU.ActiveCfg = Release|Any CPU
		{C5870E95-6182-4B4D-90DF-AA3C87FB0A0F}.Release|Any CPU.Build.0 = Release|Any CPU
	EndGlobalSection
	GlobalSection(SolutionProperties) = preSolution
		HideSolutionNode = FALSE
	EndGlobalSection
	GlobalSection(ExtensibilityGlobals) = postSolution
		SolutionGuid = {E8D5EFBA-7EF0-441E-BF47-6030F6D797CC}
	EndGlobalSection
EndGlobal
