
Microsoft Visual Studio Solution File, Format Version 12.00
# Visual Studio Version 17
VisualStudioVersion = 17.11.35312.102
MinimumVisualStudioVersion = 10.0.40219.1
Project("{FAE04EC0-301F-11D3-BF4B-00C04F79EFBC}") = "DEPLOY.BikeApp.Function", "DEPLOY.BikeApp.Function\DEPLOY.BikeApp.Function.csproj", "{FECB74A0-2752-4C77-BEDC-D5D2BB6B3E59}"
EndProject
Global
	GlobalSection(SolutionConfigurationPlatforms) = preSolution
		Debug|Any CPU = Debug|Any CPU
		Release|Any CPU = Release|Any CPU
	EndGlobalSection
	GlobalSection(ProjectConfigurationPlatforms) = postSolution
		{FECB74A0-2752-4C77-BEDC-D5D2BB6B3E59}.Debug|Any CPU.ActiveCfg = Debug|Any CPU
		{FECB74A0-2752-4C77-BEDC-D5D2BB6B3E59}.Debug|Any CPU.Build.0 = Debug|Any CPU
		{FECB74A0-2752-4C77-BEDC-D5D2BB6B3E59}.Release|Any CPU.ActiveCfg = Release|Any CPU
		{FECB74A0-2752-4C77-BEDC-D5D2BB6B3E59}.Release|Any CPU.Build.0 = Release|Any CPU
	EndGlobalSection
	GlobalSection(SolutionProperties) = preSolution
		HideSolutionNode = FALSE
	EndGlobalSection
	GlobalSection(ExtensibilityGlobals) = postSolution
		SolutionGuid = {DDEA0F4F-EAF5-46A4-8061-AE15FE433C89}
	EndGlobalSection
EndGlobal
