
Microsoft Visual Studio Solution File, Format Version 12.00
# Visual Studio Version 17
VisualStudioVersion = 17.11.35312.102
MinimumVisualStudioVersion = 10.0.40219.1
Project("{FAE04EC0-301F-11D3-BF4B-00C04F79EFBC}") = "DEPLOY.FoodApp.API", "DEPLOY.FoodApp.API\DEPLOY.FoodApp.API.csproj", "{C3F1F987-C65C-423F-8753-08E70B898C86}"
EndProject
Global
	GlobalSection(SolutionConfigurationPlatforms) = preSolution
		Debug|Any CPU = Debug|Any CPU
		Release|Any CPU = Release|Any CPU
	EndGlobalSection
	GlobalSection(ProjectConfigurationPlatforms) = postSolution
		{C3F1F987-C65C-423F-8753-08E70B898C86}.Debug|Any CPU.ActiveCfg = Debug|Any CPU
		{C3F1F987-C65C-423F-8753-08E70B898C86}.Debug|Any CPU.Build.0 = Debug|Any CPU
		{C3F1F987-C65C-423F-8753-08E70B898C86}.Release|Any CPU.ActiveCfg = Release|Any CPU
		{C3F1F987-C65C-423F-8753-08E70B898C86}.Release|Any CPU.Build.0 = Release|Any CPU
	EndGlobalSection
	GlobalSection(SolutionProperties) = preSolution
		HideSolutionNode = FALSE
	EndGlobalSection
	GlobalSection(ExtensibilityGlobals) = postSolution
		SolutionGuid = {CE9B3D88-5493-46A6-8041-58EA04F484A1}
	EndGlobalSection
EndGlobal
